<?xml version="1.0" encoding="utf-8"?>
<Project ToolsVersion="4.0" xmlns="http://schemas.microsoft.com/developer/msbuild/2003">
  <ItemGroup>
    <Filter Include="Source Files">
      <UniqueIdentifier>{ac86fa27-83b8-48c6-a852-df7ebc99800d}</UniqueIdentifier>
      <Extensions>cpp;c;cxx;rc;def;r;odl;idl;hpj;bat</Extensions>
    </Filter>
    <Filter Include="Header Files">
      <UniqueIdentifier>{9e06c394-be4d-4008-a383-b8330dabfe4e}</UniqueIdentifier>
      <Extensions>h;hpp;hxx;hm;inl</Extensions>
    </Filter>
    <Filter Include="Public Header Files">
      <UniqueIdentifier>{3d68d8e1-1e34-4346-abac-2020572892f6}</UniqueIdentifier>
    </Filter>
  </ItemGroup>
  <ItemGroup>
    <ClCompile Include="..\..\libspeex\buffer.c">
      <Filter>Source Files</Filter>
    </ClCompile>
    <ClCompile Include="..\..\libspeex\fftwrap.c">
      <Filter>Source Files</Filter>
    </ClCompile>
    <ClCompile Include="..\..\libspeex\filterbank.c">
      <Filter>Source Files</Filter>
    </ClCompile>
    <ClCompile Include="..\..\libspeex\jitter.c">
      <Filter>Source Files</Filter>
    </ClCompile>
    <ClCompile Include="..\..\libspeex\kiss_fft.c">
      <Filter>Source Files</Filter>
    </ClCompile>
    <ClCompile Include="..\..\libspeex\kiss_fftr.c">
      <Filter>Source Files</Filter>
    </ClCompile>
    <ClCompile Include="..\..\libspeex\mdf.c">
      <Filter>Source Files</Filter>
    </ClCompile>
    <ClCompile Include="..\..\libspeex\preprocess.c">
      <Filter>Source Files</Filter>
    </ClCompile>
    <ClCompile Include="..\..\libspeex\resample.c">
      <Filter>Source Files</Filter>
    </ClCompile>
    <ClCompile Include="..\..\libspeex\scal.c">
      <Filter>Source Files</Filter>
    </ClCompile>
    <ClCompile Include="..\..\libspeex\smallft.c">
      <Filter>Source Files</Filter>
    </ClCompile>
  </ItemGroup>
  <ItemGroup>
    <ClInclude Include="..\..\libspeex\_kiss_fft_guts.h">
      <Filter>Header Files</Filter>
    </ClInclude>
    <ClInclude Include="..\..\libspeex\arch.h">
      <Filter>Header Files</Filter>
    </ClInclude>
    <ClInclude Include="..\..\libspeex\fftwrap.h">
      <Filter>Header Files</Filter>
    </ClInclude>
    <ClInclude Include="..\..\libspeex\filterbank.h">
      <Filter>Header Files</Filter>
    </ClInclude>
    <ClInclude Include="..\..\libspeex\fixed_debug.h">
      <Filter>Header Files</Filter>
    </ClInclude>
    <ClInclude Include="..\..\libspeex\fixed_generic.h">
      <Filter>Header Files</Filter>
    </ClInclude>
    <ClInclude Include="..\..\libspeex\kiss_fft.h">
      <Filter>Header Files</Filter>
    </ClInclude>
    <ClInclude Include="..\..\libspeex\kiss_fftr.h">
      <Filter>Header Files</Filter>
    </ClInclude>
    <ClInclude Include="..\..\libspeex\math_approx.h">
      <Filter>Header Files</Filter>
    </ClInclude>
    <ClInclude Include="..\..\libspeex\os_support.h">
      <Filter>Header Files</Filter>
    </ClInclude>
    <ClInclude Include="..\..\libspeex\pseudofloat.h">
      <Filter>Header Files</Filter>
    </ClInclude>
    <ClInclude Include="..\..\libspeex\smallft.h">
      <Filter>Header Files</Filter>
    </ClInclude>
    <ClInclude Include="..\..\include\speex\speex.h">
      <Filter>Public Header Files</Filter>
    </ClInclude>
    <ClInclude Include="..\..\include\speex\speex_bits.h">
      <Filter>Public Header Files</Filter>
    </ClInclude>
    <ClInclude Include="..\..\include\speex\speex_buffer.h">
      <Filter>Public Header Files</Filter>
    </ClInclude>
    <ClInclude Include="..\..\include\speex\speex_echo.h">
      <Filter>Public Header Files</Filter>
    </ClInclude>
    <ClInclude Include="..\..\include\speex\speex_jitter.h">
      <Filter>Public Header Files</Filter>
    </ClInclude>
    <ClInclude Include="..\..\include\speex\speex_preprocess.h">
      <Filter>Public Header Files</Filter>
    </ClInclude>
    <ClInclude Include="..\..\include\speex\speex_resampler.h">
      <Filter>Public Header Files</Filter>
    </ClInclude>
    <ClInclude Include="..\..\include\speex\speex_types.h">
      <Filter>Public Header Files</Filter>
    </ClInclude>
    <ClInclude Include="..\config.h">
      <Filter>Header Files</Filter>
    </ClInclude>
  </ItemGroup>
</Project>