
Microsoft Visual Studio Solution File, Format Version 12.00
# Visual Studio 14
VisualStudioVersion = 14.0.25123.0
MinimumVisualStudioVersion = 10.0.40219.1
Project("{8BC9CEB8-8B4A-11D0-8D11-00A0C91BC942}") = "NetVoice", "Source\NetVoice.vcxproj", "{5FED42B3-356E-4779-ABF9-2E335C0F2F10}"
	ProjectSection(ProjectDependencies) = postProject
		{3D0F7760-BDD8-4532-8DD6-4E37B9A67F3C} = {3D0F7760-BDD8-4532-8DD6-4E37B9A67F3C}
		{219EC965-228A-1824-174D-96449D05F88A} = {219EC965-228A-1824-174D-96449D05F88A}
		{1C0BB5CD-D129-4DB7-9B0F-0287EB0DAB40} = {1C0BB5CD-D129-4DB7-9B0F-0287EB0DAB40}
		{9C4961D2-5DDB-40C7-9BE8-CA918DC4E782} = {9C4961D2-5DDB-40C7-9BE8-CA918DC4E782}
		{245603E3-F580-41A5-9632-B25FE3372CBF} = {245603E3-F580-41A5-9632-B25FE3372CBF}
		{C303D2FC-FF97-49B8-9DDD-467B4C9A0B16} = {C303D2FC-FF97-49B8-9DDD-467B4C9A0B16}
	EndProjectSection
EndProject
Project("{8BC9CEB8-8B4A-11D0-8D11-00A0C91BC942}") = "libspeexdsp", "3rd\speexdsp-1.2rc3\win32\libspeexdsp\libspeexdsp.vcxproj", "{3D0F7760-BDD8-4532-8DD6-4E37B9A67F3C}"
EndProject
Project("{8BC9CEB8-8B4A-11D0-8D11-00A0C91BC942}") = "opus", "3rd\opus-1.1.2\win32\VS2010\opus.vcxproj", "{219EC965-228A-1824-174D-96449D05F88A}"
EndProject
Project("{8BC9CEB8-8B4A-11D0-8D11-00A0C91BC942}") = "celt", "3rd\opus-1.1.2\win32\VS2010\celt.vcxproj", "{245603E3-F580-41A5-9632-B25FE3372CBF}"
EndProject
Project("{8BC9CEB8-8B4A-11D0-8D11-00A0C91BC942}") = "silk_common", "3rd\opus-1.1.2\win32\VS2010\silk_common.vcxproj", "{C303D2FC-FF97-49B8-9DDD-467B4C9A0B16}"
EndProject
Project("{8BC9CEB8-8B4A-11D0-8D11-00A0C91BC942}") = "silk_float", "..\opus-1.1.2\win32\VS2010\silk_float.vcxproj", "{9C4961D2-5DDB-40C7-9BE8-CA918DC4E782}"
EndProject
Project("{2150E333-8FDC-42A3-9474-1A3956D46DE8}") = "Opus", "Opus", "{7E262E07-53CC-4356-B578-BA754F986CF9}"
EndProject
Project("{2150E333-8FDC-42A3-9474-1A3956D46DE8}") = "Speex", "Speex", "{9885AA88-5554-496C-B82F-8732540FD7DF}"
EndProject
Project("{8BC9CEB8-8B4A-11D0-8D11-00A0C91BC942}") = "protobuf", "3rd\protobuf-3.0.0\protobuf\protobuf.vcxproj", "{1C0BB5CD-D129-4DB7-9B0F-0287EB0DAB40}"
EndProject
Global
	GlobalSection(SolutionConfigurationPlatforms) = preSolution
		Debug|ARM = Debug|ARM
		Debug|x64 = Debug|x64
		Debug|x86 = Debug|x86
		Release|ARM = Release|ARM
		Release|x64 = Release|x64
		Release|x86 = Release|x86
	EndGlobalSection
	GlobalSection(ProjectConfigurationPlatforms) = postSolution
		{5FED42B3-356E-4779-ABF9-2E335C0F2F10}.Debug|ARM.ActiveCfg = Debug|Win32
		{5FED42B3-356E-4779-ABF9-2E335C0F2F10}.Debug|x64.ActiveCfg = Debug|x64
		{5FED42B3-356E-4779-ABF9-2E335C0F2F10}.Debug|x64.Build.0 = Debug|x64
		{5FED42B3-356E-4779-ABF9-2E335C0F2F10}.Debug|x86.ActiveCfg = Debug|Win32
		{5FED42B3-356E-4779-ABF9-2E335C0F2F10}.Debug|x86.Build.0 = Debug|Win32
		{5FED42B3-356E-4779-ABF9-2E335C0F2F10}.Release|ARM.ActiveCfg = Release|Win32
		{5FED42B3-356E-4779-ABF9-2E335C0F2F10}.Release|x64.ActiveCfg = Release|x64
		{5FED42B3-356E-4779-ABF9-2E335C0F2F10}.Release|x64.Build.0 = Release|x64
		{5FED42B3-356E-4779-ABF9-2E335C0F2F10}.Release|x86.ActiveCfg = Release|Win32
		{5FED42B3-356E-4779-ABF9-2E335C0F2F10}.Release|x86.Build.0 = Release|Win32
		{3D0F7760-BDD8-4532-8DD6-4E37B9A67F3C}.Debug|ARM.ActiveCfg = Debug|Win32
		{3D0F7760-BDD8-4532-8DD6-4E37B9A67F3C}.Debug|x64.ActiveCfg = Debug|Win32
		{3D0F7760-BDD8-4532-8DD6-4E37B9A67F3C}.Debug|x86.ActiveCfg = Debug|Win32
		{3D0F7760-BDD8-4532-8DD6-4E37B9A67F3C}.Debug|x86.Build.0 = Debug|Win32
		{3D0F7760-BDD8-4532-8DD6-4E37B9A67F3C}.Release|ARM.ActiveCfg = Release|Win32
		{3D0F7760-BDD8-4532-8DD6-4E37B9A67F3C}.Release|x64.ActiveCfg = Release|Win32
		{3D0F7760-BDD8-4532-8DD6-4E37B9A67F3C}.Release|x86.ActiveCfg = Release|Win32
		{3D0F7760-BDD8-4532-8DD6-4E37B9A67F3C}.Release|x86.Build.0 = Release|Win32
		{219EC965-228A-1824-174D-96449D05F88A}.Debug|ARM.ActiveCfg = Debug|Win32
		{219EC965-228A-1824-174D-96449D05F88A}.Debug|x64.ActiveCfg = Debug|x64
		{219EC965-228A-1824-174D-96449D05F88A}.Debug|x64.Build.0 = Debug|x64
		{219EC965-228A-1824-174D-96449D05F88A}.Debug|x86.ActiveCfg = Debug|Win32
		{219EC965-228A-1824-174D-96449D05F88A}.Debug|x86.Build.0 = Debug|Win32
		{219EC965-228A-1824-174D-96449D05F88A}.Release|ARM.ActiveCfg = Release|Win32
		{219EC965-228A-1824-174D-96449D05F88A}.Release|x64.ActiveCfg = Release|x64
		{219EC965-228A-1824-174D-96449D05F88A}.Release|x64.Build.0 = Release|x64
		{219EC965-228A-1824-174D-96449D05F88A}.Release|x86.ActiveCfg = Release|Win32
		{219EC965-228A-1824-174D-96449D05F88A}.Release|x86.Build.0 = Release|Win32
		{245603E3-F580-41A5-9632-B25FE3372CBF}.Debug|ARM.ActiveCfg = Debug|Win32
		{245603E3-F580-41A5-9632-B25FE3372CBF}.Debug|x64.ActiveCfg = Debug|x64
		{245603E3-F580-41A5-9632-B25FE3372CBF}.Debug|x64.Build.0 = Debug|x64
		{245603E3-F580-41A5-9632-B25FE3372CBF}.Debug|x86.ActiveCfg = Debug|Win32
		{245603E3-F580-41A5-9632-B25FE3372CBF}.Debug|x86.Build.0 = Debug|Win32
		{245603E3-F580-41A5-9632-B25FE3372CBF}.Release|ARM.ActiveCfg = Release|Win32
		{245603E3-F580-41A5-9632-B25FE3372CBF}.Release|x64.ActiveCfg = Release|x64
		{245603E3-F580-41A5-9632-B25FE3372CBF}.Release|x64.Build.0 = Release|x64
		{245603E3-F580-41A5-9632-B25FE3372CBF}.Release|x86.ActiveCfg = Release|Win32
		{245603E3-F580-41A5-9632-B25FE3372CBF}.Release|x86.Build.0 = Release|Win32
		{C303D2FC-FF97-49B8-9DDD-467B4C9A0B16}.Debug|ARM.ActiveCfg = Debug|Win32
		{C303D2FC-FF97-49B8-9DDD-467B4C9A0B16}.Debug|x64.ActiveCfg = Debug|x64
		{C303D2FC-FF97-49B8-9DDD-467B4C9A0B16}.Debug|x64.Build.0 = Debug|x64
		{C303D2FC-FF97-49B8-9DDD-467B4C9A0B16}.Debug|x86.ActiveCfg = Debug|Win32
		{C303D2FC-FF97-49B8-9DDD-467B4C9A0B16}.Debug|x86.Build.0 = Debug|Win32
		{C303D2FC-FF97-49B8-9DDD-467B4C9A0B16}.Release|ARM.ActiveCfg = Release|Win32
		{C303D2FC-FF97-49B8-9DDD-467B4C9A0B16}.Release|x64.ActiveCfg = Release|x64
		{C303D2FC-FF97-49B8-9DDD-467B4C9A0B16}.Release|x64.Build.0 = Release|x64
		{C303D2FC-FF97-49B8-9DDD-467B4C9A0B16}.Release|x86.ActiveCfg = Release|Win32
		{C303D2FC-FF97-49B8-9DDD-467B4C9A0B16}.Release|x86.Build.0 = Release|Win32
		{9C4961D2-5DDB-40C7-9BE8-CA918DC4E782}.Debug|ARM.ActiveCfg = Debug|Win32
		{9C4961D2-5DDB-40C7-9BE8-CA918DC4E782}.Debug|x64.ActiveCfg = Debug|x64
		{9C4961D2-5DDB-40C7-9BE8-CA918DC4E782}.Debug|x64.Build.0 = Debug|x64
		{9C4961D2-5DDB-40C7-9BE8-CA918DC4E782}.Debug|x86.ActiveCfg = Debug|Win32
		{9C4961D2-5DDB-40C7-9BE8-CA918DC4E782}.Debug|x86.Build.0 = Debug|Win32
		{9C4961D2-5DDB-40C7-9BE8-CA918DC4E782}.Release|ARM.ActiveCfg = Release|Win32
		{9C4961D2-5DDB-40C7-9BE8-CA918DC4E782}.Release|x64.ActiveCfg = Release|x64
		{9C4961D2-5DDB-40C7-9BE8-CA918DC4E782}.Release|x64.Build.0 = Release|x64
		{9C4961D2-5DDB-40C7-9BE8-CA918DC4E782}.Release|x86.ActiveCfg = Release|Win32
		{9C4961D2-5DDB-40C7-9BE8-CA918DC4E782}.Release|x86.Build.0 = Release|Win32
		{1C0BB5CD-D129-4DB7-9B0F-0287EB0DAB40}.Debug|ARM.ActiveCfg = Debug|Win32
		{1C0BB5CD-D129-4DB7-9B0F-0287EB0DAB40}.Debug|x64.ActiveCfg = Debug|x64
		{1C0BB5CD-D129-4DB7-9B0F-0287EB0DAB40}.Debug|x64.Build.0 = Debug|x64
		{1C0BB5CD-D129-4DB7-9B0F-0287EB0DAB40}.Debug|x86.ActiveCfg = Debug|Win32
		{1C0BB5CD-D129-4DB7-9B0F-0287EB0DAB40}.Debug|x86.Build.0 = Debug|Win32
		{1C0BB5CD-D129-4DB7-9B0F-0287EB0DAB40}.Release|ARM.ActiveCfg = Release|Win32
		{1C0BB5CD-D129-4DB7-9B0F-0287EB0DAB40}.Release|x64.ActiveCfg = Release|x64
		{1C0BB5CD-D129-4DB7-9B0F-0287EB0DAB40}.Release|x64.Build.0 = Release|x64
		{1C0BB5CD-D129-4DB7-9B0F-0287EB0DAB40}.Release|x86.ActiveCfg = Release|Win32
		{1C0BB5CD-D129-4DB7-9B0F-0287EB0DAB40}.Release|x86.Build.0 = Release|Win32
	EndGlobalSection
	GlobalSection(SolutionProperties) = preSolution
		HideSolutionNode = FALSE
	EndGlobalSection
	GlobalSection(NestedProjects) = preSolution
		{3D0F7760-BDD8-4532-8DD6-4E37B9A67F3C} = {9885AA88-5554-496C-B82F-8732540FD7DF}
		{219EC965-228A-1824-174D-96449D05F88A} = {7E262E07-53CC-4356-B578-BA754F986CF9}
		{245603E3-F580-41A5-9632-B25FE3372CBF} = {7E262E07-53CC-4356-B578-BA754F986CF9}
		{C303D2FC-FF97-49B8-9DDD-467B4C9A0B16} = {7E262E07-53CC-4356-B578-BA754F986CF9}
		{9C4961D2-5DDB-40C7-9BE8-CA918DC4E782} = {7E262E07-53CC-4356-B578-BA754F986CF9}
	EndGlobalSection
EndGlobal
